
Microsoft Visual Studio Solution File, Format Version 12.00
# Visual Studio Version 17
VisualStudioVersion = 17.3.32819.101
MinimumVisualStudioVersion = 10.0.40219.1
Project("{9A19103F-16F7-4668-BE54-9A1E7A4F7556}") = "NoteBaseLogic", "NoteBaseLogic\NoteBaseLogic.csproj", "{2C27792F-4692-4066-908D-693166581B2D}"
EndProject
Project("{9A19103F-16F7-4668-BE54-9A1E7A4F7556}") = "NoteBaseDAL", "NoteBaseDAL\NoteBaseDAL.csproj", "{4A36BF06-9B04-4F52-B98D-09AD18A87D2F}"
EndProject
Project("{9A19103F-16F7-4668-BE54-9A1E7A4F7556}") = "NoteBaseLogicInterface", "NoteBaseInterface\NoteBaseLogicInterface.csproj", "{2026C5FA-9C0B-4575-9792-973604080E9F}"
EndProject
Project("{9A19103F-16F7-4668-BE54-9A1E7A4F7556}") = "NoteBaseLogicFactory", "NoteBaseLogicFactory\NoteBaseLogicFactory.csproj", "{A24D696C-D570-445F-AFCF-6051B135859F}"
EndProject
Project("{9A19103F-16F7-4668-BE54-9A1E7A4F7556}") = "NoteBaseDALFactory", "NoteBaseDALFactory\NoteBaseDALFactory.csproj", "{840ED497-D1CA-429F-BF96-4D71060466AD}"
EndProject
Project("{9A19103F-16F7-4668-BE54-9A1E7A4F7556}") = "NoteBaseDALInterface", "NoteBaseDALInterface\NoteBaseDALInterface.csproj", "{29E4ACD9-D167-406E-BB40-0C67CF963A54}"
EndProject
Project("{9A19103F-16F7-4668-BE54-9A1E7A4F7556}") = "App", "App\App.csproj", "{3AD046D2-1111-4A16-A172-F133204D4737}"
EndProject
Project("{9A19103F-16F7-4668-BE54-9A1E7A4F7556}") = "NoteBaseLogicTests", "NoteBaseLogicTests\NoteBaseLogicTests.csproj", "{FDD277D3-F601-41E7-88C6-F26AE43FAA95}"
EndProject
Project("{FAE04EC0-301F-11D3-BF4B-00C04F79EFBC}") = "NoteBaseDALTests", "NoteBaseDALTests\NoteBaseDALTests.csproj", "{A40DB1EA-D3F8-4182-A928-5CBB19FAAAAE}"
EndProject
Global
	GlobalSection(SolutionConfigurationPlatforms) = preSolution
		Debug|Any CPU = Debug|Any CPU
		Release|Any CPU = Release|Any CPU
	EndGlobalSection
	GlobalSection(ProjectConfigurationPlatforms) = postSolution
		{2C27792F-4692-4066-908D-693166581B2D}.Debug|Any CPU.ActiveCfg = Debug|Any CPU
		{2C27792F-4692-4066-908D-693166581B2D}.Debug|Any CPU.Build.0 = Debug|Any CPU
		{2C27792F-4692-4066-908D-693166581B2D}.Release|Any CPU.ActiveCfg = Release|Any CPU
		{2C27792F-4692-4066-908D-693166581B2D}.Release|Any CPU.Build.0 = Release|Any CPU
		{4A36BF06-9B04-4F52-B98D-09AD18A87D2F}.Debug|Any CPU.ActiveCfg = Debug|Any CPU
		{4A36BF06-9B04-4F52-B98D-09AD18A87D2F}.Debug|Any CPU.Build.0 = Debug|Any CPU
		{4A36BF06-9B04-4F52-B98D-09AD18A87D2F}.Release|Any CPU.ActiveCfg = Release|Any CPU
		{4A36BF06-9B04-4F52-B98D-09AD18A87D2F}.Release|Any CPU.Build.0 = Release|Any CPU
		{2026C5FA-9C0B-4575-9792-973604080E9F}.Debug|Any CPU.ActiveCfg = Debug|Any CPU
		{2026C5FA-9C0B-4575-9792-973604080E9F}.Debug|Any CPU.Build.0 = Debug|Any CPU
		{2026C5FA-9C0B-4575-9792-973604080E9F}.Release|Any CPU.ActiveCfg = Release|Any CPU
		{2026C5FA-9C0B-4575-9792-973604080E9F}.Release|Any CPU.Build.0 = Release|Any CPU
		{A24D696C-D570-445F-AFCF-6051B135859F}.Debug|Any CPU.ActiveCfg = Debug|Any CPU
		{A24D696C-D570-445F-AFCF-6051B135859F}.Debug|Any CPU.Build.0 = Debug|Any CPU
		{A24D696C-D570-445F-AFCF-6051B135859F}.Release|Any CPU.ActiveCfg = Release|Any CPU
		{A24D696C-D570-445F-AFCF-6051B135859F}.Release|Any CPU.Build.0 = Release|Any CPU
		{840ED497-D1CA-429F-BF96-4D71060466AD}.Debug|Any CPU.ActiveCfg = Debug|Any CPU
		{840ED497-D1CA-429F-BF96-4D71060466AD}.Debug|Any CPU.Build.0 = Debug|Any CPU
		{840ED497-D1CA-429F-BF96-4D71060466AD}.Release|Any CPU.ActiveCfg = Release|Any CPU
		{840ED497-D1CA-429F-BF96-4D71060466AD}.Release|Any CPU.Build.0 = Release|Any CPU
		{29E4ACD9-D167-406E-BB40-0C67CF963A54}.Debug|Any CPU.ActiveCfg = Debug|Any CPU
		{29E4ACD9-D167-406E-BB40-0C67CF963A54}.Debug|Any CPU.Build.0 = Debug|Any CPU
		{29E4ACD9-D167-406E-BB40-0C67CF963A54}.Release|Any CPU.ActiveCfg = Release|Any CPU
		{29E4ACD9-D167-406E-BB40-0C67CF963A54}.Release|Any CPU.Build.0 = Release|Any CPU
		{3AD046D2-1111-4A16-A172-F133204D4737}.Debug|Any CPU.ActiveCfg = Debug|Any CPU
		{3AD046D2-1111-4A16-A172-F133204D4737}.Debug|Any CPU.Build.0 = Debug|Any CPU
		{3AD046D2-1111-4A16-A172-F133204D4737}.Release|Any CPU.ActiveCfg = Release|Any CPU
		{3AD046D2-1111-4A16-A172-F133204D4737}.Release|Any CPU.Build.0 = Release|Any CPU
		{FDD277D3-F601-41E7-88C6-F26AE43FAA95}.Debug|Any CPU.ActiveCfg = Debug|Any CPU
		{FDD277D3-F601-41E7-88C6-F26AE43FAA95}.Debug|Any CPU.Build.0 = Debug|Any CPU
		{FDD277D3-F601-41E7-88C6-F26AE43FAA95}.Release|Any CPU.ActiveCfg = Release|Any CPU
		{FDD277D3-F601-41E7-88C6-F26AE43FAA95}.Release|Any CPU.Build.0 = Release|Any CPU
		{A40DB1EA-D3F8-4182-A928-5CBB19FAAAAE}.Debug|Any CPU.ActiveCfg = Debug|Any CPU
		{A40DB1EA-D3F8-4182-A928-5CBB19FAAAAE}.Debug|Any CPU.Build.0 = Debug|Any CPU
		{A40DB1EA-D3F8-4182-A928-5CBB19FAAAAE}.Release|Any CPU.ActiveCfg = Release|Any CPU
		{A40DB1EA-D3F8-4182-A928-5CBB19FAAAAE}.Release|Any CPU.Build.0 = Release|Any CPU
	EndGlobalSection
	GlobalSection(SolutionProperties) = preSolution
		HideSolutionNode = FALSE
	EndGlobalSection
	GlobalSection(ExtensibilityGlobals) = postSolution
		SolutionGuid = {8E875B39-423D-45A7-8268-6A23AC442894}
	EndGlobalSection
EndGlobal
